// !$*UTF8*$!
{
	archiveVersion = 1;
	classes = {
	};
	objectVersion = 56;
	objects = {

/* Begin PBXBuildFile section */
		507940B22C5D1C8C00EEB9BE /* AppDelegate.swift in Sources */ = {isa = PBXBuildFile; fileRef = 507940B12C5D1C8C00EEB9BE /* AppDelegate.swift */; };
		507940B42C5D1C8C00EEB9BE /* SceneDelegate.swift in Sources */ = {isa = PBXBuildFile; fileRef = 507940B32C5D1C8C00EEB9BE /* SceneDelegate.swift */; };
		507940B62C5D1C8C00EEB9BE /* ViewController.swift in Sources */ = {isa = PBXBuildFile; fileRef = 507940B52C5D1C8C00EEB9BE /* ViewController.swift */; };
		507940B92C5D1C8C00EEB9BE /* Base in Resources */ = {isa = PBXBuildFile; fileRef = 507940B82C5D1C8C00EEB9BE /* Base */; };
		507940BC2C5D1C8C00EEB9BE /* MuziGit.xcdatamodeld in Sources */ = {isa = PBXBuildFile; fileRef = 507940BA2C5D1C8C00EEB9BE /* MuziGit.xcdatamodeld */; };
		507940BE2C5D1C8D00EEB9BE /* Assets.xcassets in Resources */ = {isa = PBXBuildFile; fileRef = 507940BD2C5D1C8D00EEB9BE /* Assets.xcassets */; };
		507940C12C5D1C8D00EEB9BE /* Base in Resources */ = {isa = PBXBuildFile; fileRef = 507940C02C5D1C8D00EEB9BE /* Base */; };
		507940C92C5D1FE400EEB9BE /* GithubLoginInfo.plist in Resources */ = {isa = PBXBuildFile; fileRef = 507940C82C5D1FE400EEB9BE /* GithubLoginInfo.plist */; };
		507940CB2C5D203000EEB9BE /* MuziGit++Bundle.swift in Sources */ = {isa = PBXBuildFile; fileRef = 507940CA2C5D203000EEB9BE /* MuziGit++Bundle.swift */; };
		507940CD2C5D20AF00EEB9BE /* GithubLoginManager.swift in Sources */ = {isa = PBXBuildFile; fileRef = 507940CC2C5D20AF00EEB9BE /* GithubLoginManager.swift */; };
		507940D02C5D20D800EEB9BE /* Alamofire in Frameworks */ = {isa = PBXBuildFile; productRef = 507940CF2C5D20D800EEB9BE /* Alamofire */; };
		507940D22C5D2E4A00EEB9BE /* Home.storyboard in Resources */ = {isa = PBXBuildFile; fileRef = 507940D12C5D2E4A00EEB9BE /* Home.storyboard */; };
		507940D42C5D357600EEB9BE /* OnboardingPageViewController.swift in Sources */ = {isa = PBXBuildFile; fileRef = 507940D32C5D357600EEB9BE /* OnboardingPageViewController.swift */; };
/* End PBXBuildFile section */

/* Begin PBXFileReference section */
		507940AE2C5D1C8C00EEB9BE /* MuziGit.app */ = {isa = PBXFileReference; explicitFileType = wrapper.application; includeInIndex = 0; path = MuziGit.app; sourceTree = BUILT_PRODUCTS_DIR; };
		507940B12C5D1C8C00EEB9BE /* AppDelegate.swift */ = {isa = PBXFileReference; lastKnownFileType = sourcecode.swift; path = AppDelegate.swift; sourceTree = "<group>"; };
		507940B32C5D1C8C00EEB9BE /* SceneDelegate.swift */ = {isa = PBXFileReference; lastKnownFileType = sourcecode.swift; path = SceneDelegate.swift; sourceTree = "<group>"; };
		507940B52C5D1C8C00EEB9BE /* ViewController.swift */ = {isa = PBXFileReference; lastKnownFileType = sourcecode.swift; path = ViewController.swift; sourceTree = "<group>"; };
		507940B82C5D1C8C00EEB9BE /* Base */ = {isa = PBXFileReference; lastKnownFileType = file.storyboard; name = Base; path = Base.lproj/Main.storyboard; sourceTree = "<group>"; };
		507940BB2C5D1C8C00EEB9BE /* MuziGit.xcdatamodel */ = {isa = PBXFileReference; lastKnownFileType = wrapper.xcdatamodel; path = MuziGit.xcdatamodel; sourceTree = "<group>"; };
		507940BD2C5D1C8D00EEB9BE /* Assets.xcassets */ = {isa = PBXFileReference; lastKnownFileType = folder.assetcatalog; path = Assets.xcassets; sourceTree = "<group>"; };
		507940C02C5D1C8D00EEB9BE /* Base */ = {isa = PBXFileReference; lastKnownFileType = file.storyboard; name = Base; path = Base.lproj/LaunchScreen.storyboard; sourceTree = "<group>"; };
		507940C22C5D1C8D00EEB9BE /* Info.plist */ = {isa = PBXFileReference; lastKnownFileType = text.plist.xml; path = Info.plist; sourceTree = "<group>"; };
		507940C82C5D1FE400EEB9BE /* GithubLoginInfo.plist */ = {isa = PBXFileReference; lastKnownFileType = text.plist.xml; path = GithubLoginInfo.plist; sourceTree = "<group>"; };
		507940CA2C5D203000EEB9BE /* MuziGit++Bundle.swift */ = {isa = PBXFileReference; lastKnownFileType = sourcecode.swift; path = "MuziGit++Bundle.swift"; sourceTree = "<group>"; };
		507940CC2C5D20AF00EEB9BE /* GithubLoginManager.swift */ = {isa = PBXFileReference; lastKnownFileType = sourcecode.swift; path = GithubLoginManager.swift; sourceTree = "<group>"; };
		507940D12C5D2E4A00EEB9BE /* Home.storyboard */ = {isa = PBXFileReference; lastKnownFileType = file.storyboard; path = Home.storyboard; sourceTree = "<group>"; };
		507940D32C5D357600EEB9BE /* OnboardingPageViewController.swift */ = {isa = PBXFileReference; lastKnownFileType = sourcecode.swift; path = OnboardingPageViewController.swift; sourceTree = "<group>"; };
/* End PBXFileReference section */

/* Begin PBXFrameworksBuildPhase section */
		507940AB2C5D1C8C00EEB9BE /* Frameworks */ = {
			isa = PBXFrameworksBuildPhase;
			buildActionMask = 2147483647;
			files = (
				507940D02C5D20D800EEB9BE /* Alamofire in Frameworks */,
			);
			runOnlyForDeploymentPostprocessing = 0;
		};
/* End PBXFrameworksBuildPhase section */

/* Begin PBXGroup section */
		507940A52C5D1C8C00EEB9BE = {
			isa = PBXGroup;
			children = (
				507940B02C5D1C8C00EEB9BE /* MuziGit */,
				507940AF2C5D1C8C00EEB9BE /* Products */,
			);
			sourceTree = "<group>";
		};
		507940AF2C5D1C8C00EEB9BE /* Products */ = {
			isa = PBXGroup;
			children = (
				507940AE2C5D1C8C00EEB9BE /* MuziGit.app */,
			);
			name = Products;
			sourceTree = "<group>";
		};
		507940B02C5D1C8C00EEB9BE /* MuziGit */ = {
			isa = PBXGroup;
			children = (
				507940C82C5D1FE400EEB9BE /* GithubLoginInfo.plist */,
				507940C22C5D1C8D00EEB9BE /* Info.plist */,
				507940B12C5D1C8C00EEB9BE /* AppDelegate.swift */,
				507940CA2C5D203000EEB9BE /* MuziGit++Bundle.swift */,
				507940B32C5D1C8C00EEB9BE /* SceneDelegate.swift */,
				507940B52C5D1C8C00EEB9BE /* ViewController.swift */,
				507940BD2C5D1C8D00EEB9BE /* Assets.xcassets */,
				507940BF2C5D1C8D00EEB9BE /* LaunchScreen.storyboard */,
				507940B72C5D1C8C00EEB9BE /* Main.storyboard */,
				507940D12C5D2E4A00EEB9BE /* Home.storyboard */,
				507940BA2C5D1C8C00EEB9BE /* MuziGit.xcdatamodeld */,
				507940D32C5D357600EEB9BE /* OnboardingPageViewController.swift */,
				507940CC2C5D20AF00EEB9BE /* GithubLoginManager.swift */,
			);
			path = MuziGit;
			sourceTree = "<group>";
		};
/* End PBXGroup section */

/* Begin PBXNativeTarget section */
		507940AD2C5D1C8C00EEB9BE /* MuziGit */ = {
			isa = PBXNativeTarget;
			buildConfigurationList = 507940C52C5D1C8D00EEB9BE /* Build configuration list for PBXNativeTarget "MuziGit" */;
			buildPhases = (
				507940AA2C5D1C8C00EEB9BE /* Sources */,
				507940AB2C5D1C8C00EEB9BE /* Frameworks */,
				507940AC2C5D1C8C00EEB9BE /* Resources */,
			);
			buildRules = (
			);
			dependencies = (
			);
			name = MuziGit;
			packageProductDependencies = (
				507940CF2C5D20D800EEB9BE /* Alamofire */,
			);
			productName = MuziGit;
			productReference = 507940AE2C5D1C8C00EEB9BE /* MuziGit.app */;
			productType = "com.apple.product-type.application";
		};
/* End PBXNativeTarget section */

/* Begin PBXProject section */
		507940A62C5D1C8C00EEB9BE /* Project object */ = {
			isa = PBXProject;
			attributes = {
				BuildIndependentTargetsInParallel = 1;
				LastSwiftUpdateCheck = 1540;
				LastUpgradeCheck = 1540;
				TargetAttributes = {
					507940AD2C5D1C8C00EEB9BE = {
						CreatedOnToolsVersion = 15.4;
					};
				};
			};
			buildConfigurationList = 507940A92C5D1C8C00EEB9BE /* Build configuration list for PBXProject "MuziGit" */;
			compatibilityVersion = "Xcode 14.0";
			developmentRegion = en;
			hasScannedForEncodings = 0;
			knownRegions = (
				en,
				Base,
			);
			mainGroup = 507940A52C5D1C8C00EEB9BE;
			packageReferences = (
				507940CE2C5D20D800EEB9BE /* XCRemoteSwiftPackageReference "Alamofire" */,
			);
			productRefGroup = 507940AF2C5D1C8C00EEB9BE /* Products */;
			projectDirPath = "";
			projectRoot = "";
			targets = (
				507940AD2C5D1C8C00EEB9BE /* MuziGit */,
			);
		};
/* End PBXProject section */

/* Begin PBXResourcesBuildPhase section */
		507940AC2C5D1C8C00EEB9BE /* Resources */ = {
			isa = PBXResourcesBuildPhase;
			buildActionMask = 2147483647;
			files = (
				507940BE2C5D1C8D00EEB9BE /* Assets.xcassets in Resources */,
				507940D22C5D2E4A00EEB9BE /* Home.storyboard in Resources */,
				507940C12C5D1C8D00EEB9BE /* Base in Resources */,
				507940B92C5D1C8C00EEB9BE /* Base in Resources */,
				507940C92C5D1FE400EEB9BE /* GithubLoginInfo.plist in Resources */,
			);
			runOnlyForDeploymentPostprocessing = 0;
		};
/* End PBXResourcesBuildPhase section */

/* Begin PBXSourcesBuildPhase section */
		507940AA2C5D1C8C00EEB9BE /* Sources */ = {
			isa = PBXSourcesBuildPhase;
			buildActionMask = 2147483647;
			files = (
				507940B62C5D1C8C00EEB9BE /* ViewController.swift in Sources */,
				507940BC2C5D1C8C00EEB9BE /* MuziGit.xcdatamodeld in Sources */,
				507940D42C5D357600EEB9BE /* OnboardingPageViewController.swift in Sources */,
				507940B22C5D1C8C00EEB9BE /* AppDelegate.swift in Sources */,
				507940CB2C5D203000EEB9BE /* MuziGit++Bundle.swift in Sources */,
				507940CD2C5D20AF00EEB9BE /* GithubLoginManager.swift in Sources */,
				507940B42C5D1C8C00EEB9BE /* SceneDelegate.swift in Sources */,
			);
			runOnlyForDeploymentPostprocessing = 0;
		};
/* End PBXSourcesBuildPhase section */

/* Begin PBXVariantGroup section */
		507940B72C5D1C8C00EEB9BE /* Main.storyboard */ = {
			isa = PBXVariantGroup;
			children = (
				507940B82C5D1C8C00EEB9BE /* Base */,
			);
			name = Main.storyboard;
			sourceTree = "<group>";
		};
		507940BF2C5D1C8D00EEB9BE /* LaunchScreen.storyboard */ = {
			isa = PBXVariantGroup;
			children = (
				507940C02C5D1C8D00EEB9BE /* Base */,
			);
			name = LaunchScreen.storyboard;
			sourceTree = "<group>";
		};
/* End PBXVariantGroup section */

/* Begin XCBuildConfiguration section */
		507940C32C5D1C8D00EEB9BE /* Debug */ = {
			isa = XCBuildConfiguration;
			buildSettings = {
				ALWAYS_SEARCH_USER_PATHS = NO;
				ASSETCATALOG_COMPILER_GENERATE_SWIFT_ASSET_SYMBOL_EXTENSIONS = YES;
				CLANG_ANALYZER_NONNULL = YES;
				CLANG_ANALYZER_NUMBER_OBJECT_CONVERSION = YES_AGGRESSIVE;
				CLANG_CXX_LANGUAGE_STANDARD = "gnu++20";
				CLANG_ENABLE_MODULES = YES;
				CLANG_ENABLE_OBJC_ARC = YES;
				CLANG_ENABLE_OBJC_WEAK = YES;
				CLANG_WARN_BLOCK_CAPTURE_AUTORELEASING = YES;
				CLANG_WARN_BOOL_CONVERSION = YES;
				CLANG_WARN_COMMA = YES;
				CLANG_WARN_CONSTANT_CONVERSION = YES;
				CLANG_WARN_DEPRECATED_OBJC_IMPLEMENTATIONS = YES;
				CLANG_WARN_DIRECT_OBJC_ISA_USAGE = YES_ERROR;
				CLANG_WARN_DOCUMENTATION_COMMENTS = YES;
				CLANG_WARN_EMPTY_BODY = YES;
				CLANG_WARN_ENUM_CONVERSION = YES;
				CLANG_WARN_INFINITE_RECURSION = YES;
				CLANG_WARN_INT_CONVERSION = YES;
				CLANG_WARN_NON_LITERAL_NULL_CONVERSION = YES;
				CLANG_WARN_OBJC_IMPLICIT_RETAIN_SELF = YES;
				CLANG_WARN_OBJC_LITERAL_CONVERSION = YES;
				CLANG_WARN_OBJC_ROOT_CLASS = YES_ERROR;
				CLANG_WARN_QUOTED_INCLUDE_IN_FRAMEWORK_HEADER = YES;
				CLANG_WARN_RANGE_LOOP_ANALYSIS = YES;
				CLANG_WARN_STRICT_PROTOTYPES = YES;
				CLANG_WARN_SUSPICIOUS_MOVE = YES;
				CLANG_WARN_UNGUARDED_AVAILABILITY = YES_AGGRESSIVE;
				CLANG_WARN_UNREACHABLE_CODE = YES;
				CLANG_WARN__DUPLICATE_METHOD_MATCH = YES;
				COPY_PHASE_STRIP = NO;
				DEBUG_INFORMATION_FORMAT = dwarf;
				ENABLE_STRICT_OBJC_MSGSEND = YES;
				ENABLE_TESTABILITY = YES;
				ENABLE_USER_SCRIPT_SANDBOXING = YES;
				GCC_C_LANGUAGE_STANDARD = gnu17;
				GCC_DYNAMIC_NO_PIC = NO;
				GCC_NO_COMMON_BLOCKS = YES;
				GCC_OPTIMIZATION_LEVEL = 0;
				GCC_PREPROCESSOR_DEFINITIONS = (
					"DEBUG=1",
					"$(inherited)",
				);
				GCC_WARN_64_TO_32_BIT_CONVERSION = YES;
				GCC_WARN_ABOUT_RETURN_TYPE = YES_ERROR;
				GCC_WARN_UNDECLARED_SELECTOR = YES;
				GCC_WARN_UNINITIALIZED_AUTOS = YES_AGGRESSIVE;
				GCC_WARN_UNUSED_FUNCTION = YES;
				GCC_WARN_UNUSED_VARIABLE = YES;
				IPHONEOS_DEPLOYMENT_TARGET = 17.5;
				LOCALIZATION_PREFERS_STRING_CATALOGS = YES;
				MTL_ENABLE_DEBUG_INFO = INCLUDE_SOURCE;
				MTL_FAST_MATH = YES;
				ONLY_ACTIVE_ARCH = YES;
				SDKROOT = iphoneos;
				SWIFT_ACTIVE_COMPILATION_CONDITIONS = "DEBUG $(inherited)";
				SWIFT_OPTIMIZATION_LEVEL = "-Onone";
			};
			name = Debug;
		};
		507940C42C5D1C8D00EEB9BE /* Release */ = {
			isa = XCBuildConfiguration;
			buildSettings = {
				ALWAYS_SEARCH_USER_PATHS = NO;
				ASSETCATALOG_COMPILER_GENERATE_SWIFT_ASSET_SYMBOL_EXTENSIONS = YES;
				CLANG_ANALYZER_NONNULL = YES;
				CLANG_ANALYZER_NUMBER_OBJECT_CONVERSION = YES_AGGRESSIVE;
				CLANG_CXX_LANGUAGE_STANDARD = "gnu++20";
				CLANG_ENABLE_MODULES = YES;
				CLANG_ENABLE_OBJC_ARC = YES;
				CLANG_ENABLE_OBJC_WEAK = YES;
				CLANG_WARN_BLOCK_CAPTURE_AUTORELEASING = YES;
				CLANG_WARN_BOOL_CONVERSION = YES;
				CLANG_WARN_COMMA = YES;
				CLANG_WARN_CONSTANT_CONVERSION = YES;
				CLANG_WARN_DEPRECATED_OBJC_IMPLEMENTATIONS = YES;
				CLANG_WARN_DIRECT_OBJC_ISA_USAGE = YES_ERROR;
				CLANG_WARN_DOCUMENTATION_COMMENTS = YES;
				CLANG_WARN_EMPTY_BODY = YES;
				CLANG_WARN_ENUM_CONVERSION = YES;
				CLANG_WARN_INFINITE_RECURSION = YES;
				CLANG_WARN_INT_CONVERSION = YES;
				CLANG_WARN_NON_LITERAL_NULL_CONVERSION = YES;
				CLANG_WARN_OBJC_IMPLICIT_RETAIN_SELF = YES;
				CLANG_WARN_OBJC_LITERAL_CONVERSION = YES;
				CLANG_WARN_OBJC_ROOT_CLASS = YES_ERROR;
				CLANG_WARN_QUOTED_INCLUDE_IN_FRAMEWORK_HEADER = YES;
				CLANG_WARN_RANGE_LOOP_ANALYSIS = YES;
				CLANG_WARN_STRICT_PROTOTYPES = YES;
				CLANG_WARN_SUSPICIOUS_MOVE = YES;
				CLANG_WARN_UNGUARDED_AVAILABILITY = YES_AGGRESSIVE;
				CLANG_WARN_UNREACHABLE_CODE = YES;
				CLANG_WARN__DUPLICATE_METHOD_MATCH = YES;
				COPY_PHASE_STRIP = NO;
				DEBUG_INFORMATION_FORMAT = "dwarf-with-dsym";
				ENABLE_NS_ASSERTIONS = NO;
				ENABLE_STRICT_OBJC_MSGSEND = YES;
				ENABLE_USER_SCRIPT_SANDBOXING = YES;
				GCC_C_LANGUAGE_STANDARD = gnu17;
				GCC_NO_COMMON_BLOCKS = YES;
				GCC_WARN_64_TO_32_BIT_CONVERSION = YES;
				GCC_WARN_ABOUT_RETURN_TYPE = YES_ERROR;
				GCC_WARN_UNDECLARED_SELECTOR = YES;
				GCC_WARN_UNINITIALIZED_AUTOS = YES_AGGRESSIVE;
				GCC_WARN_UNUSED_FUNCTION = YES;
				GCC_WARN_UNUSED_VARIABLE = YES;
				IPHONEOS_DEPLOYMENT_TARGET = 17.5;
				LOCALIZATION_PREFERS_STRING_CATALOGS = YES;
				MTL_ENABLE_DEBUG_INFO = NO;
				MTL_FAST_MATH = YES;
				SDKROOT = iphoneos;
				SWIFT_COMPILATION_MODE = wholemodule;
				VALIDATE_PRODUCT = YES;
			};
			name = Release;
		};
		507940C62C5D1C8D00EEB9BE /* Debug */ = {
			isa = XCBuildConfiguration;
			buildSettings = {
				ASSETCATALOG_COMPILER_APPICON_NAME = AppIcon;
				ASSETCATALOG_COMPILER_GLOBAL_ACCENT_COLOR_NAME = AccentColor;
				CODE_SIGN_STYLE = Automatic;
				CURRENT_PROJECT_VERSION = 1;
				DEVELOPMENT_TEAM = 9NC93C6S57;
				GENERATE_INFOPLIST_FILE = YES;
				INFOPLIST_FILE = MuziGit/Info.plist;
				INFOPLIST_KEY_UIApplicationSupportsIndirectInputEvents = YES;
				INFOPLIST_KEY_UILaunchStoryboardName = LaunchScreen;
				INFOPLIST_KEY_UIMainStoryboardFile = Main;
				INFOPLIST_KEY_UISupportedInterfaceOrientations = UIInterfaceOrientationPortrait;
				INFOPLIST_KEY_UISupportedInterfaceOrientations_iPad = "UIInterfaceOrientationPortrait UIInterfaceOrientationPortraitUpsideDown";
				LD_RUNPATH_SEARCH_PATHS = (
					"$(inherited)",
					"@executable_path/Frameworks",
				);
				MARKETING_VERSION = 1.0;
				PRODUCT_BUNDLE_IDENTIFIER = bbibbo.MuziGit;
				PRODUCT_NAME = "$(TARGET_NAME)";
				SUPPORTED_PLATFORMS = "iphoneos iphonesimulator";
				SUPPORTS_MACCATALYST = NO;
				SUPPORTS_MAC_DESIGNED_FOR_IPHONE_IPAD = NO;
				SUPPORTS_XR_DESIGNED_FOR_IPHONE_IPAD = NO;
				SWIFT_EMIT_LOC_STRINGS = YES;
				SWIFT_VERSION = 5.0;
				TARGETED_DEVICE_FAMILY = "1,2";
			};
			name = Debug;
		};
		507940C72C5D1C8D00EEB9BE /* Release */ = {
			isa = XCBuildConfiguration;
			buildSettings = {
				ASSETCATALOG_COMPILER_APPICON_NAME = AppIcon;
				ASSETCATALOG_COMPILER_GLOBAL_ACCENT_COLOR_NAME = AccentColor;
				CODE_SIGN_STYLE = Automatic;
				CURRENT_PROJECT_VERSION = 1;
				DEVELOPMENT_TEAM = 9NC93C6S57;
				GENERATE_INFOPLIST_FILE = YES;
				INFOPLIST_FILE = MuziGit/Info.plist;
				INFOPLIST_KEY_UIApplicationSupportsIndirectInputEvents = YES;
				INFOPLIST_KEY_UILaunchStoryboardName = LaunchScreen;
				INFOPLIST_KEY_UIMainStoryboardFile = Main;
				INFOPLIST_KEY_UISupportedInterfaceOrientations = UIInterfaceOrientationPortrait;
				INFOPLIST_KEY_UISupportedInterfaceOrientations_iPad = "UIInterfaceOrientationPortrait UIInterfaceOrientationPortraitUpsideDown";
				LD_RUNPATH_SEARCH_PATHS = (
					"$(inherited)",
					"@executable_path/Frameworks",
				);
				MARKETING_VERSION = 1.0;
				PRODUCT_BUNDLE_IDENTIFIER = bbibbo.MuziGit;
				PRODUCT_NAME = "$(TARGET_NAME)";
				SUPPORTED_PLATFORMS = "iphoneos iphonesimulator";
				SUPPORTS_MACCATALYST = NO;
				SUPPORTS_MAC_DESIGNED_FOR_IPHONE_IPAD = NO;
				SUPPORTS_XR_DESIGNED_FOR_IPHONE_IPAD = NO;
				SWIFT_EMIT_LOC_STRINGS = YES;
				SWIFT_VERSION = 5.0;
				TARGETED_DEVICE_FAMILY = "1,2";
			};
			name = Release;
		};
/* End XCBuildConfiguration section */

/* Begin XCConfigurationList section */
		507940A92C5D1C8C00EEB9BE /* Build configuration list for PBXProject "MuziGit" */ = {
			isa = XCConfigurationList;
			buildConfigurations = (
				507940C32C5D1C8D00EEB9BE /* Debug */,
				507940C42C5D1C8D00EEB9BE /* Release */,
			);
			defaultConfigurationIsVisible = 0;
			defaultConfigurationName = Release;
		};
		507940C52C5D1C8D00EEB9BE /* Build configuration list for PBXNativeTarget "MuziGit" */ = {
			isa = XCConfigurationList;
			buildConfigurations = (
				507940C62C5D1C8D00EEB9BE /* Debug */,
				507940C72C5D1C8D00EEB9BE /* Release */,
			);
			defaultConfigurationIsVisible = 0;
			defaultConfigurationName = Release;
		};
/* End XCConfigurationList section */

/* Begin XCRemoteSwiftPackageReference section */
		507940CE2C5D20D800EEB9BE /* XCRemoteSwiftPackageReference "Alamofire" */ = {
			isa = XCRemoteSwiftPackageReference;
			repositoryURL = "https://github.com/Alamofire/Alamofire";
			requirement = {
				kind = upToNextMajorVersion;
				minimumVersion = 5.9.1;
			};
		};
/* End XCRemoteSwiftPackageReference section */

/* Begin XCSwiftPackageProductDependency section */
		507940CF2C5D20D800EEB9BE /* Alamofire */ = {
			isa = XCSwiftPackageProductDependency;
			package = 507940CE2C5D20D800EEB9BE /* XCRemoteSwiftPackageReference "Alamofire" */;
			productName = Alamofire;
		};
/* End XCSwiftPackageProductDependency section */

/* Begin XCVersionGroup section */
		507940BA2C5D1C8C00EEB9BE /* MuziGit.xcdatamodeld */ = {
			isa = XCVersionGroup;
			children = (
				507940BB2C5D1C8C00EEB9BE /* MuziGit.xcdatamodel */,
			);
			currentVersion = 507940BB2C5D1C8C00EEB9BE /* MuziGit.xcdatamodel */;
			path = MuziGit.xcdatamodeld;
			sourceTree = "<group>";
			versionGroupType = wrapper.xcdatamodel;
		};
/* End XCVersionGroup section */
	};
	rootObject = 507940A62C5D1C8C00EEB9BE /* Project object */;
}
